
Microsoft Visual Studio Solution File, Format Version 12.00
Project("{FAE04EC0-301F-11D3-BF4B-00C04F79EFBC}") = "TiktokAnalysis", "TiktokAnalysis\TiktokAnalysis.csproj", "{59CCC5A4-58BD-4C28-A70B-F82E6B9EA205}"
EndProject
Global
	GlobalSection(SolutionConfigurationPlatforms) = preSolution
		Debug|Any CPU = Debug|Any CPU
		Release|Any CPU = Release|Any CPU
	EndGlobalSection
	GlobalSection(ProjectConfigurationPlatforms) = postSolution
		{59CCC5A4-58BD-4C28-A70B-F82E6B9EA205}.Debug|Any CPU.ActiveCfg = Debug|Any CPU
		{59CCC5A4-58BD-4C28-A70B-F82E6B9EA205}.Debug|Any CPU.Build.0 = Debug|Any CPU
		{59CCC5A4-58BD-4C28-A70B-F82E6B9EA205}.Release|Any CPU.ActiveCfg = Release|Any CPU
		{59CCC5A4-58BD-4C28-A70B-F82E6B9EA205}.Release|Any CPU.Build.0 = Release|Any CPU
	EndGlobalSection
EndGlobal
